<Solution>
  <Project Path="API/API.csproj" />
  <Project Path="MCP/MCP.csproj" />
  <Project Path="AppHost/AppHost.csproj" />
  <Project Path="CLI/CLI.csproj" />
  <Project Path="Formatting/FlowMate.Formatting.csproj" />
  <Project Path="Formatting.CodeFixes/FlowMate.Formatting.CodeFixes.csproj" />
  <Project Path="ServiceDefaults/ServiceDefaults.csproj" />
  <Project Path="Services/Services.csproj" />
  <Project Path="Shared/Shared.csproj" />
  <Project Path="Tests/Services.Tests/Services.Tests.csproj" />
  <Project Path="Web/Web.csproj" />
</Solution>
